
Microsoft Visual Studio Solution File, Format Version 12.00
# Visual Studio Version 17
VisualStudioVersion = 17.5.33502.453
MinimumVisualStudioVersion = 10.0.40219.1
Project("{FAE04EC0-301F-11D3-BF4B-00C04F79EFBC}") = "primeiroPrograma", "primeiroPrograma\primeiroPrograma.csproj", "{FAA41262-C788-45F6-B097-D021FDE910DC}"
EndProject
Global
	GlobalSection(SolutionConfigurationPlatforms) = preSolution
		Debug|Any CPU = Debug|Any CPU
		Release|Any CPU = Release|Any CPU
	EndGlobalSection
	GlobalSection(ProjectConfigurationPlatforms) = postSolution
		{FAA41262-C788-45F6-B097-D021FDE910DC}.Debug|Any CPU.ActiveCfg = Debug|Any CPU
		{FAA41262-C788-45F6-B097-D021FDE910DC}.Debug|Any CPU.Build.0 = Debug|Any CPU
		{FAA41262-C788-45F6-B097-D021FDE910DC}.Release|Any CPU.ActiveCfg = Release|Any CPU
		{FAA41262-C788-45F6-B097-D021FDE910DC}.Release|Any CPU.Build.0 = Release|Any CPU
	EndGlobalSection
	GlobalSection(SolutionProperties) = preSolution
		HideSolutionNode = FALSE
	EndGlobalSection
	GlobalSection(ExtensibilityGlobals) = postSolution
		SolutionGuid = {3D5DB47A-7774-4F48-BE38-2C138A9627CA}
	EndGlobalSection
EndGlobal
